
Microsoft Visual Studio Solution File, Format Version 12.00
# Visual Studio 2013
VisualStudioVersion = 12.0.40629.0
MinimumVisualStudioVersion = 10.0.40219.1
Project("{FAE04EC0-301F-11D3-BF4B-00C04F79EFBC}") = "Edu-Piano_9012", "Edu-Piano_9012\Edu-Piano_9012.csproj", "{65891A0B-343B-4252-B1A5-59AB567D5041}"
EndProject
Global
	GlobalSection(SolutionConfigurationPlatforms) = preSolution
		Debug|Any CPU = Debug|Any CPU
		Release|Any CPU = Release|Any CPU
	EndGlobalSection
	GlobalSection(ProjectConfigurationPlatforms) = postSolution
		{65891A0B-343B-4252-B1A5-59AB567D5041}.Debug|Any CPU.ActiveCfg = Debug|Any CPU
		{65891A0B-343B-4252-B1A5-59AB567D5041}.Debug|Any CPU.Build.0 = Debug|Any CPU
		{65891A0B-343B-4252-B1A5-59AB567D5041}.Release|Any CPU.ActiveCfg = Release|Any CPU
		{65891A0B-343B-4252-B1A5-59AB567D5041}.Release|Any CPU.Build.0 = Release|Any CPU
	EndGlobalSection
	GlobalSection(SolutionProperties) = preSolution
		HideSolutionNode = FALSE
	EndGlobalSection
EndGlobal
